
Microsoft Visual Studio Solution File, Format Version 12.00
# Visual Studio Version 16
VisualStudioVersion = 16.0.29102.190
MinimumVisualStudioVersion = 10.0.40219.1
Project("{FAE04EC0-301F-11D3-BF4B-00C04F79EFBC}") = "GitHubApiDemo", "GitHubApiDemo\GitHubApiDemo.csproj", "{C6B01E7E-8404-467E-BF98-B795F964CE66}"
EndProject
Project("{FAE04EC0-301F-11D3-BF4B-00C04F79EFBC}") = "CSharpASTExtractor", "CSharpASTExtractor\CSharpASTExtractor.csproj", "{396429F4-58F9-41B6-A812-A84A096352DC}"
EndProject
Global
	GlobalSection(SolutionConfigurationPlatforms) = preSolution
		Debug|Any CPU = Debug|Any CPU
		Release|Any CPU = Release|Any CPU
	EndGlobalSection
	GlobalSection(ProjectConfigurationPlatforms) = postSolution
		{C6B01E7E-8404-467E-BF98-B795F964CE66}.Debug|Any CPU.ActiveCfg = Debug|Any CPU
		{C6B01E7E-8404-467E-BF98-B795F964CE66}.Debug|Any CPU.Build.0 = Debug|Any CPU
		{C6B01E7E-8404-467E-BF98-B795F964CE66}.Release|Any CPU.ActiveCfg = Release|Any CPU
		{C6B01E7E-8404-467E-BF98-B795F964CE66}.Release|Any CPU.Build.0 = Release|Any CPU
		{396429F4-58F9-41B6-A812-A84A096352DC}.Debug|Any CPU.ActiveCfg = Debug|Any CPU
		{396429F4-58F9-41B6-A812-A84A096352DC}.Debug|Any CPU.Build.0 = Debug|Any CPU
		{396429F4-58F9-41B6-A812-A84A096352DC}.Release|Any CPU.ActiveCfg = Release|Any CPU
		{396429F4-58F9-41B6-A812-A84A096352DC}.Release|Any CPU.Build.0 = Release|Any CPU
	EndGlobalSection
	GlobalSection(SolutionProperties) = preSolution
		HideSolutionNode = FALSE
	EndGlobalSection
	GlobalSection(ExtensibilityGlobals) = postSolution
		SolutionGuid = {C56C5308-0FAA-48D7-A154-9049B813A9C6}
	EndGlobalSection
EndGlobal
